<?xml version="1.0" encoding="UTF-8" standalone="yes" ?>
<CodeBlocks_project_file>
	<FileVersion major="1" minor="6" />
	<Project>
		<Option title="ScumOfTheEarth" />
		<Option pch_mode="2" />
		<Option compiler="gcc" />
		<Build>
			<Target title="Linux Debug">
				<Option platforms="Unix;" />
				<Option output="bin/Debug/ScumOfTheEarth" prefix_auto="1" extension_auto="1" />
				<Option object_output="obj/Debug/" />
				<Option type="1" />
				<Option compiler="gcc" />
				<Compiler>
					<Add option="-Wall" />
					<Add option="-pg" />
					<Add option="-g" />
					<Add directory="src/Editor" />
				</Compiler>
				<Linker>
					<Add option="-pg" />
					<Add option="-pthread" />
					<Add library="pthread" />
					<Add library="GL" />
					<Add directory="/lib/x86_64-linux-gnu" />
				</Linker>
			</Target>
			<Target title="Windows Debug">
				<Option platforms="Windows;" />
				<Option output="bin/Debug/ScumOfTheEarth" prefix_auto="1" extension_auto="1" />
				<Option object_output="obj/Debug/" />
				<Option type="1" />
				<Option compiler="tdm_mingw_64" />
				<Option projectCompilerOptionsRelation="0" />
				<Compiler>
					<Add directory="src/Editor" />
				</Compiler>
				<Linker>
					<Add library="opengl32" />
					<Add directory="C:/Boost/lib" />
				</Linker>
				<MakeCommands>
					<Build command="" />
					<CompileFile command="" />
					<Clean command="" />
					<DistClean command="" />
					<AskRebuildNeeded command="" />
					<SilentBuild command=" &gt; $(CMD_NULL)" />
				</MakeCommands>
			</Target>
			<Target title="OS X Debug">
				<Option platforms="Mac;" />
				<Option output="bin/Debug/ScumOfTheEarth" prefix_auto="1" extension_auto="1" />
				<Option object_output="obj/Debug/" />
				<Option type="1" />
				<Option compiler="clang" />
				<Compiler>
					<Add option="-std=c++11" />
					<Add option="-g" />
					<Add option="-pg" />
					<Add directory="/sw/opt/boost-1_55/include" />
					<Add directory="src/Editor" />
				</Compiler>
				<Linker>
					<Add option="-pg" />
					<Add option="-pthread" />
					<Add option="-framework OpenGL" />
					<Add option="-stdlib=libc++" />
					<Add library="pthread" />
					<Add directory="/System/Library/Frameworks" />
				</Linker>
			</Target>
		</Build>
		<Compiler>
			<Add option="-std=c++11" />
			<Add option="-fexceptions" />
			<Add directory="dependencies" />
			<Add directory="dependencies/yaml-cpp-0.5.1/include" />
			<Add directory="dependencies/angelscript/sdk/angelscript/include" />
			<Add directory="dependencies/boost_1_55_0" />
			<Add directory="dependencies/angelscript/sdk/add_on" />
			<Add directory="dependencies/bullet/src" />
			<Add directory="dependencies/OpenSceneGraph-3.2.1/include" />
			<Add directory="dependencies/cegui-0.8.4/cegui/include" />
			<Add directory="dependencies/cegui-0.8.4/dependencies/include" />
			<Add directory="./" />
			<Add directory="src" />
			<Add directory="src/" />
			<Add directory="src/Editor/" />
			<Add directory="src/Editor" />
			<Add directory="/usr/local/include" />
			<Add directory="/usr/local/Bullet2.81/include/bullet" />
			<Add directory="/usr/include/bullet" />
			<Add directory="/usr/lib/x86_64-linux-gnu" />
			<Add directory="/usr/local/include/cegui-0" />
		</Compiler>
		<Linker>
			<Add library="osg" />
			<Add library="osgDB" />
			<Add library="osgGA" />
			<Add library="osgText" />
			<Add library="osgViewer" />
			<Add library="osgWidget" />
			<Add library="osgAnimation" />
			<Add library="osgUtil" />
			<Add library="OpenThreads" />
			<Add library="angelscript" />
			<Add library="BulletSoftBody" />
			<Add library="BulletDynamics" />
			<Add library="BulletCollision" />
			<Add library="LinearMath" />
			<Add library="CEGUIBase-0" />
			<Add library="CEGUICommonDialogs-0" />
			<Add library="CEGUIOpenGLRenderer-0" />
			<Add library="GLEW" />
			<Add library="yaml-cpp" />
			<Add library="boost_regex" />
			<Add directory="dependencies" />
			<Add directory="dependencies/angelscript/sdk/angelscript/lib" />
			<Add directory="dependencies/yaml-cpp-0.5.1/" />
			<Add directory="dependencies/cegui-0.8.4/bin" />
			<Add directory="dependencies/cegui-0.8.4/lib" />
			<Add directory="dependencies/cegui-0.8.4/dependencies/bin" />
			<Add directory="dependencies/cegui-0.8.4/dependencies/lib/static" />
			<Add directory="dependencies/bullet/build/lib" />
			<Add directory="dependencies/OpenSceneGraph-3.2.1/lib" />
			<Add directory="dependencies/OpenSceneGraph-3.2.1/bin" />
			<Add directory="dependencies/cegui-0.8.4/build/bin" />
			<Add directory="dependencies/cegui-0.8.4/build/lib" />
			<Add directory="dependencies/boost_1_55_0/lib" />
			<Add directory="/usr/local/lib" />
			<Add directory="/usr/local/lib64" />
			<Add directory="/usr/local/lib64/cegui-0" />
		</Linker>
		<Unit filename="Notes.txt" />
		<Unit filename="dependencies/angelscript/sdk/add_on/scriptarray/scriptarray.cpp" />
		<Unit filename="dependencies/angelscript/sdk/add_on/scriptarray/scriptarray.h" />
		<Unit filename="dependencies/angelscript/sdk/add_on/scriptbuilder/scriptbuilder.cpp" />
		<Unit filename="dependencies/angelscript/sdk/add_on/scriptbuilder/scriptbuilder.h" />
		<Unit filename="dependencies/angelscript/sdk/add_on/scripthelper/scripthelper.cpp" />
		<Unit filename="dependencies/angelscript/sdk/add_on/scripthelper/scripthelper.h" />
		<Unit filename="dependencies/angelscript/sdk/add_on/scriptstdstring/scriptstdstring.cpp" />
		<Unit filename="dependencies/angelscript/sdk/add_on/scriptstdstring/scriptstdstring.h" />
		<Unit filename="dependencies/angelscript/sdk/add_on/scriptstdstring/scriptstdstring_utils.cpp" />
		<Unit filename="initialize.as" />
		<Unit filename="osgNotes" />
		<Unit filename="osgbCollision/BoundingCone.cpp" />
		<Unit filename="osgbCollision/BoundingCone.h" />
		<Unit filename="osgbCollision/BoundingCylinder.cpp" />
		<Unit filename="osgbCollision/BoundingCylinder.h" />
		<Unit filename="osgbCollision/Chart.cpp" />
		<Unit filename="osgbCollision/Chart.h" />
		<Unit filename="osgbCollision/CollectVerticesVisitor.cpp" />
		<Unit filename="osgbCollision/CollectVerticesVisitor.h" />
		<Unit filename="osgbCollision/CollisionShapes.cpp" />
		<Unit filename="osgbCollision/CollisionShapes.h" />
		<Unit filename="osgbCollision/ComputeCylinderVisitor.cpp" />
		<Unit filename="osgbCollision/ComputeCylinderVisitor.h" />
		<Unit filename="osgbCollision/ComputeShapeVisitor.cpp" />
		<Unit filename="osgbCollision/ComputeShapeVisitor.h" />
		<Unit filename="osgbCollision/ComputeTriMeshVisitor.cpp" />
		<Unit filename="osgbCollision/ComputeTriMeshVisitor.h" />
		<Unit filename="osgbCollision/Export.h" />
		<Unit filename="osgbCollision/GLDebugDrawer.cpp" />
		<Unit filename="osgbCollision/GLDebugDrawer.h" />
		<Unit filename="osgbCollision/Utils.cpp" />
		<Unit filename="osgbCollision/Utils.h" />
		<Unit filename="osgbDynamics/Export.h" />
		<Unit filename="osgbDynamics/MotionState.cpp" />
		<Unit filename="osgbDynamics/MotionState.h" />
		<Unit filename="osgbDynamics/TripleBuffer.cpp" />
		<Unit filename="osgbDynamics/TripleBuffer.h" />
		<Unit filename="osgwTools/AbsoluteModelTransform.cpp" />
		<Unit filename="osgwTools/AbsoluteModelTransform.h" />
		<Unit filename="osgwTools/Export.h" />
		<Unit filename="osgwTools/FindNamedNode.cpp" />
		<Unit filename="osgwTools/FindNamedNode.h" />
		<Unit filename="osgwTools/ForceFlattenTransforms.h" />
		<Unit filename="osgwTools/GeometryModifier.cpp" />
		<Unit filename="osgwTools/GeometryModifier.h" />
		<Unit filename="osgwTools/GeometryOperation.cpp" />
		<Unit filename="osgwTools/GeometryOperation.h" />
		<Unit filename="osgwTools/PrimitiveSetConversion.cpp" />
		<Unit filename="osgwTools/PrimitiveSetConversion.h" />
		<Unit filename="osgwTools/ReducerOp.cpp" />
		<Unit filename="osgwTools/ReducerOp.h" />
		<Unit filename="osgwTools/Shapes.cpp" />
		<Unit filename="osgwTools/Shapes.h" />
		<Unit filename="osgwTools/ShortEdgeOp.cpp" />
		<Unit filename="osgwTools/ShortEdgeOp.h" />
		<Unit filename="osgwTools/Transform.cpp" />
		<Unit filename="osgwTools/Transform.h" />
		<Unit filename="osgwTools/Version.h" />
		<Unit filename="script.as" />
		<Unit filename="src/AngelScriptConsole.cpp" />
		<Unit filename="src/AngelScriptConsole.h" />
		<Unit filename="src/AngelScriptEngine.cpp" />
		<Unit filename="src/AngelScriptEngine.h" />
		<Unit filename="src/Attachment.cpp" />
		<Unit filename="src/Attachment.h" />
		<Unit filename="src/Attack.cpp" />
		<Unit filename="src/Attack.h" />
		<Unit filename="src/BaseCameraManipulator.cpp" />
		<Unit filename="src/BaseCameraManipulator.h" />
		<Unit filename="src/CEGUIStuff.cpp" />
		<Unit filename="src/CEGUIStuff.h" />
		<Unit filename="src/ControlledObject.cpp" />
		<Unit filename="src/ControlledObject.h" />
		<Unit filename="src/Controller.cpp" />
		<Unit filename="src/Controller.h" />
		<Unit filename="src/Damage.cpp" />
		<Unit filename="src/Damage.h" />
		<Unit filename="src/DangerZone.cpp" />
		<Unit filename="src/DangerZone.h" />
		<Unit filename="src/Door.cpp" />
		<Unit filename="src/Door.h" />
		<Unit filename="src/Editor/Editor.cpp" />
		<Unit filename="src/Editor/Editor.h" />
		<Unit filename="src/Editor/EditorCameraManipulator.cpp" />
		<Unit filename="src/Editor/EditorCameraManipulator.h" />
		<Unit filename="src/Editor/MultiLineCodeEditbox.cpp" />
		<Unit filename="src/Editor/MultiLineCodeEditbox.h" />
		<Unit filename="src/Editor/ObjectOverlay.cpp" />
		<Unit filename="src/Editor/ObjectOverlay.h" />
		<Unit filename="src/Editor/SelectionTool.cpp" />
		<Unit filename="src/Editor/SelectionTool.h" />
		<Unit filename="src/Editor/SyntaxHighlighter.cpp" />
		<Unit filename="src/Editor/SyntaxHighlighter.h" />
		<Unit filename="src/Editor/TextEditor.cpp" />
		<Unit filename="src/Editor/TextEditor.h" />
		<Unit filename="src/Editor/Tool.cpp" />
		<Unit filename="src/Editor/Tool.h" />
		<Unit filename="src/Editor/Toolbar.cpp" />
		<Unit filename="src/Editor/Toolbar.h" />
		<Unit filename="src/Editor/TransformTool.cpp" />
		<Unit filename="src/Editor/TransformTool.h" />
		<Unit filename="src/Entity.cpp" />
		<Unit filename="src/Entity.h" />
		<Unit filename="src/Event.cpp" />
		<Unit filename="src/Event.h" />
		<Unit filename="src/ExpiredObjectRemoval.cpp" />
		<Unit filename="src/ExpiredObjectRemoval.h" />
		<Unit filename="src/Fighter.cpp" />
		<Unit filename="src/Fighter.h" />
		<Unit filename="src/GameObject.cpp" />
		<Unit filename="src/GameObject.h" />
		<Unit filename="src/GameObjectData.cpp" />
		<Unit filename="src/GameObjectData.h" />
		<Unit filename="src/ImprovedAnimationManager.cpp" />
		<Unit filename="src/ImprovedAnimationManager.h" />
		<Unit filename="src/ImprovedBulletKinematicCharacterController.cpp" />
		<Unit filename="src/ImprovedBulletKinematicCharacterController.h" />
		<Unit filename="src/ImprovedMatrixTransform.cpp" />
		<Unit filename="src/ImprovedMatrixTransform.h" />
		<Unit filename="src/Level.cpp" />
		<Unit filename="src/Level.h" />
		<Unit filename="src/Light.cpp" />
		<Unit filename="src/Light.h" />
		<Unit filename="src/OwnerUpdateCallback.cpp" />
		<Unit filename="src/OwnerUpdateCallback.h" />
		<Unit filename="src/PhysicsData.h" />
		<Unit filename="src/PhysicsNodeCallback.cpp" />
		<Unit filename="src/PhysicsNodeCallback.h" />
		<Unit filename="src/Player.cpp" />
		<Unit filename="src/Player.h" />
		<Unit filename="src/Projectile.cpp" />
		<Unit filename="src/Projectile.h" />
		<Unit filename="src/RandomGenerator.h" />
		<Unit filename="src/Sprite.cpp" />
		<Unit filename="src/Sprite.h" />
		<Unit filename="src/StateMachine.cpp" />
		<Unit filename="src/StateMachine.h" />
		<Unit filename="src/TemporaryText.cpp" />
		<Unit filename="src/TemporaryText.h" />
		<Unit filename="src/TextDisplay.cpp" />
		<Unit filename="src/TextDisplay.h" />
		<Unit filename="src/ThirdPersonCameraManipulator.cpp" />
		<Unit filename="src/ThirdPersonCameraManipulator.h" />
		<Unit filename="src/Weapon.cpp" />
		<Unit filename="src/Weapon.h" />
		<Unit filename="src/globals.h" />
		<Unit filename="src/input.cpp" />
		<Unit filename="src/input.h" />
		<Unit filename="src/main.cpp" />
		<Unit filename="src/osgNodeUserData.h" />
		<Unit filename="src/scriptstl.h" />
		<Unit filename="src/stdvector.h" />
		<Unit filename="tests.as" />
		<Extensions>
			<code_completion />
			<debugger />
			<DoxyBlocks>
				<comment_style block="0" line="0" />
				<doxyfile_project />
				<doxyfile_build />
				<doxyfile_warnings />
				<doxyfile_output />
				<doxyfile_dot />
				<general />
			</DoxyBlocks>
			<envvars />
		</Extensions>
	</Project>
</CodeBlocks_project_file>
