<?xml version="1.0" encoding="UTF-8" standalone="yes" ?>
<CodeBlocks_project_file>
	<FileVersion major="1" minor="6" />
	<Project>
		<Option title="ScumOfTheEarth" />
		<Option pch_mode="2" />
		<Option compiler="gcc" />
		<Build>
			<Target title="Debug">
				<Option output="bin/Debug/ScumOfTheEarth" prefix_auto="1" extension_auto="1" />
				<Option object_output="obj/Debug/" />
				<Option type="1" />
				<Option compiler="gcc" />
				<Compiler>
					<Add option="-pg" />
					<Add option="-g" />
					<Add directory="include" />
				</Compiler>
				<Linker>
					<Add option="-pg" />
				</Linker>
			</Target>
			<Target title="Release">
				<Option output="bin/Release/ScumOfTheEarth" prefix_auto="1" extension_auto="1" />
				<Option object_output="obj/Release/" />
				<Option type="1" />
				<Option compiler="gcc" />
				<Compiler>
					<Add option="-O2" />
					<Add directory="include" />
				</Compiler>
				<Linker>
					<Add option="-s" />
				</Linker>
			</Target>
		</Build>
		<Compiler>
			<Add option="-std=c++11" />
			<Add option="-Wall" />
			<Add option="-fexceptions" />
			<Add directory="/usr/local/include" />
			<Add directory="../Box2D_v2.3.0/Box2D" />
			<Add directory="/home/daniel/Downloads/AngelScript/sdk" />
			<Add directory="/usr/local/Bullet2.81/include/bullet" />
			<Add directory="../../../Downloads/yaml-cpp-0.5.1/include" />
			<Add directory="/usr/include/bullet" />
			<Add directory="/usr/lib/x86_64-linux-gnu" />
			<Add directory="/usr/local/include/cegui-0" />
		</Compiler>
		<Linker>
			<Add option="-pthread" />
			<Add library="osg" />
			<Add library="osgDB" />
			<Add library="osgGA" />
			<Add library="osgText" />
			<Add library="osgViewer" />
			<Add library="osgWidget" />
			<Add library="osgAnimation" />
			<Add library="osgUtil" />
			<Add library="OpenThreads" />
			<Add library="/usr/local/lib/libangelscript.a" />
			<Add library="pthread" />
			<Add library="BulletSoftBody" />
			<Add library="BulletDynamics" />
			<Add library="BulletCollision" />
			<Add library="LinearMath" />
			<Add library="yaml-cpp" />
			<Add library="/usr/local/lib64/libCEGUIBase-0.so" />
			<Add library="/usr/local/lib64/libCEGUICommonDialogs-0.so" />
			<Add library="GL" />
			<Add library="CEGUIOpenGLRenderer-0" />
			<Add library="GLEW" />
			<Add directory="/usr/local/lib" />
			<Add directory="/usr/local/lib64" />
			<Add directory="../ScumOfTheEarth" />
			<Add directory="../Box2D_v2.3.0/Box2D/Box2D" />
			<Add directory="tinyxml" />
			<Add directory="/usr/local/lib64/cegui-0" />
		</Linker>
		<Unit filename="AngelScript.notes" />
		<Unit filename="AngelScriptConsole.cpp" />
		<Unit filename="AngelScriptConsole.h" />
		<Unit filename="AngelScriptEngine.cpp" />
		<Unit filename="AngelScriptEngine.h" />
		<Unit filename="ArchitectureNotes" />
		<Unit filename="Attachment.cpp" />
		<Unit filename="Attachment.h" />
		<Unit filename="Attack.cpp" />
		<Unit filename="Attack.h" />
		<Unit filename="BaseCameraManipulator.cpp" />
		<Unit filename="BaseCameraManipulator.h" />
		<Unit filename="C++.notes" />
		<Unit filename="CEGUIStuff.cpp" />
		<Unit filename="CEGUIStuff.h" />
		<Unit filename="ControlledObject.cpp" />
		<Unit filename="ControlledObject.h" />
		<Unit filename="Controller.cpp" />
		<Unit filename="Controller.h" />
		<Unit filename="Damage.cpp" />
		<Unit filename="Damage.h" />
		<Unit filename="DangerZone.cpp" />
		<Unit filename="DangerZone.h" />
		<Unit filename="Door.cpp" />
		<Unit filename="Door.h" />
		<Unit filename="Editor.cpp" />
		<Unit filename="Editor.h" />
		<Unit filename="Entity.cpp" />
		<Unit filename="Entity.h" />
		<Unit filename="ExpiredObjectRemoval.cpp" />
		<Unit filename="ExpiredObjectRemoval.h" />
		<Unit filename="Fighter.cpp" />
		<Unit filename="Fighter.h" />
		<Unit filename="GameObject.cpp" />
		<Unit filename="GameObject.h" />
		<Unit filename="GameObjectData.cpp" />
		<Unit filename="GameObjectData.h" />
		<Unit filename="ImprovedAnimationManager.cpp" />
		<Unit filename="ImprovedAnimationManager.h" />
		<Unit filename="ImprovedBulletKinematicCharacterController.cpp" />
		<Unit filename="ImprovedBulletKinematicCharacterController.h" />
		<Unit filename="ImprovedMatrixTransform.cpp" />
		<Unit filename="ImprovedMatrixTransform.h" />
		<Unit filename="Level.cpp" />
		<Unit filename="Level.h" />
		<Unit filename="Light.cpp" />
		<Unit filename="Light.h" />
		<Unit filename="Notes.txt" />
		<Unit filename="OwnerUpdateCallback.cpp" />
		<Unit filename="OwnerUpdateCallback.h" />
		<Unit filename="PhysicsData.h" />
		<Unit filename="PhysicsNodeCallback.cpp" />
		<Unit filename="PhysicsNodeCallback.h" />
		<Unit filename="Player.cpp" />
		<Unit filename="Player.h" />
		<Unit filename="Projectile.cpp" />
		<Unit filename="Projectile.h" />
		<Unit filename="RandomGenerator.h" />
		<Unit filename="Sprite.cpp" />
		<Unit filename="Sprite.h" />
		<Unit filename="StateMachine.cpp" />
		<Unit filename="StateMachine.h" />
		<Unit filename="TemporaryText.cpp" />
		<Unit filename="TemporaryText.h" />
		<Unit filename="TextDisplay.cpp" />
		<Unit filename="TextDisplay.h" />
		<Unit filename="TextEditor.cpp" />
		<Unit filename="TextEditor.h" />
		<Unit filename="ThirdPersonCameraManipulator.cpp" />
		<Unit filename="ThirdPersonCameraManipulator.h" />
		<Unit filename="TwoDimensionalCameraManipulator.cpp" />
		<Unit filename="TwoDimensionalCameraManipulator.h" />
		<Unit filename="Weapon.cpp" />
		<Unit filename="Weapon.h" />
		<Unit filename="WritingAndDesign/Ideas" />
		<Unit filename="globals.h" />
		<Unit filename="initialize.as" />
		<Unit filename="input.cpp" />
		<Unit filename="input.h" />
		<Unit filename="main.cpp" />
		<Unit filename="media/Objects/SlidingDoor.xml" />
		<Unit filename="media/Objects/Switch.xml" />
		<Unit filename="osgNotes" />
		<Unit filename="osgbCollision/BoundingCone.cpp" />
		<Unit filename="osgbCollision/BoundingCone.h" />
		<Unit filename="osgbCollision/BoundingCylinder.cpp" />
		<Unit filename="osgbCollision/BoundingCylinder.h" />
		<Unit filename="osgbCollision/Chart.cpp" />
		<Unit filename="osgbCollision/Chart.h" />
		<Unit filename="osgbCollision/CollectVerticesVisitor.cpp" />
		<Unit filename="osgbCollision/CollectVerticesVisitor.h" />
		<Unit filename="osgbCollision/CollisionShapes.cpp" />
		<Unit filename="osgbCollision/CollisionShapes.h" />
		<Unit filename="osgbCollision/ComputeCylinderVisitor.cpp" />
		<Unit filename="osgbCollision/ComputeCylinderVisitor.h" />
		<Unit filename="osgbCollision/ComputeShapeVisitor.cpp" />
		<Unit filename="osgbCollision/ComputeShapeVisitor.h" />
		<Unit filename="osgbCollision/ComputeTriMeshVisitor.cpp" />
		<Unit filename="osgbCollision/ComputeTriMeshVisitor.h" />
		<Unit filename="osgbCollision/Export.h" />
		<Unit filename="osgbCollision/GLDebugDrawer.cpp" />
		<Unit filename="osgbCollision/GLDebugDrawer.h" />
		<Unit filename="osgbCollision/Utils.cpp" />
		<Unit filename="osgbCollision/Utils.h" />
		<Unit filename="osgbDynamics/Export.h" />
		<Unit filename="osgbDynamics/MotionState.cpp" />
		<Unit filename="osgbDynamics/MotionState.h" />
		<Unit filename="osgbDynamics/TripleBuffer.cpp" />
		<Unit filename="osgbDynamics/TripleBuffer.h" />
		<Unit filename="osgwTools/AbsoluteModelTransform.cpp" />
		<Unit filename="osgwTools/AbsoluteModelTransform.h" />
		<Unit filename="osgwTools/Export.h" />
		<Unit filename="osgwTools/FindNamedNode.cpp" />
		<Unit filename="osgwTools/FindNamedNode.h" />
		<Unit filename="osgwTools/ForceFlattenTransforms.h" />
		<Unit filename="osgwTools/GeometryModifier.cpp" />
		<Unit filename="osgwTools/GeometryModifier.h" />
		<Unit filename="osgwTools/GeometryOperation.cpp" />
		<Unit filename="osgwTools/GeometryOperation.h" />
		<Unit filename="osgwTools/PrimitiveSetConversion.cpp" />
		<Unit filename="osgwTools/PrimitiveSetConversion.h" />
		<Unit filename="osgwTools/ReducerOp.cpp" />
		<Unit filename="osgwTools/ReducerOp.h" />
		<Unit filename="osgwTools/Shapes.cpp" />
		<Unit filename="osgwTools/Shapes.h" />
		<Unit filename="osgwTools/ShortEdgeOp.cpp" />
		<Unit filename="osgwTools/ShortEdgeOp.h" />
		<Unit filename="osgwTools/Transform.cpp" />
		<Unit filename="osgwTools/Transform.h" />
		<Unit filename="osgwTools/Version.h" />
		<Unit filename="script.as" />
		<Unit filename="scriptarray/scriptarray.cpp" />
		<Unit filename="scriptarray/scriptarray.h" />
		<Unit filename="scriptbuilder/scriptbuilder.cpp" />
		<Unit filename="scriptbuilder/scriptbuilder.h" />
		<Unit filename="scripthelper/scripthelper.cpp" />
		<Unit filename="scripthelper/scripthelper.h" />
		<Unit filename="scriptstdstring/scriptstdstring.cpp" />
		<Unit filename="scriptstdstring/scriptstdstring.h" />
		<Unit filename="scriptstdstring/scriptstdstring_utils.cpp" />
		<Unit filename="scriptstl.h" />
		<Unit filename="stdvector.h" />
		<Unit filename="tests.as" />
		<Unit filename="tinyxml/tinyxml2.cpp" />
		<Unit filename="tinyxml/tinyxml2.h" />
		<Extensions>
			<code_completion />
			<debugger />
			<DoxyBlocks>
				<comment_style block="0" line="0" />
				<doxyfile_project />
				<doxyfile_build />
				<doxyfile_warnings />
				<doxyfile_output />
				<doxyfile_dot />
				<general />
			</DoxyBlocks>
			<envvars />
		</Extensions>
	</Project>
</CodeBlocks_project_file>
